
Microsoft Visual Studio Solution File, Format Version 12.00
# Visual Studio Version 17
VisualStudioVersion = 17.7.34031.279
MinimumVisualStudioVersion = 10.0.40219.1
Project("{FAE04EC0-301F-11D3-BF4B-00C04F79EFBC}") = "ConsoleApp1", "ConsoleApp1\ConsoleApp1.csproj", "{303D99FE-5D28-4475-960A-9EC06D4B2D2E}"
EndProject
Global
	GlobalSection(SolutionConfigurationPlatforms) = preSolution
		Debug|Any CPU = Debug|Any CPU
		Release|Any CPU = Release|Any CPU
	EndGlobalSection
	GlobalSection(ProjectConfigurationPlatforms) = postSolution
		{303D99FE-5D28-4475-960A-9EC06D4B2D2E}.Debug|Any CPU.ActiveCfg = Debug|Any CPU
		{303D99FE-5D28-4475-960A-9EC06D4B2D2E}.Debug|Any CPU.Build.0 = Debug|Any CPU
		{303D99FE-5D28-4475-960A-9EC06D4B2D2E}.Release|Any CPU.ActiveCfg = Release|Any CPU
		{303D99FE-5D28-4475-960A-9EC06D4B2D2E}.Release|Any CPU.Build.0 = Release|Any CPU
	EndGlobalSection
	GlobalSection(SolutionProperties) = preSolution
		HideSolutionNode = FALSE
	EndGlobalSection
	GlobalSection(ExtensibilityGlobals) = postSolution
		SolutionGuid = {7FE844BC-E3ED-41C4-8A51-36CF3CBC0F79}
	EndGlobalSection
EndGlobal
